// !$*UTF8*$!
{
	archiveVersion = 1;
	classes = {
	};
	objectVersion = 50;
	objects = {

/* Begin PBXBuildFile section */
		26F56ABC2DFE0D8D0594A31E /* Pods_Medspace.framework in Frameworks */ = {isa = PBXBuildFile; fileRef = D433556773E8CCF78CB7B050 /* Pods_Medspace.framework */; };
		6208307624E9C13A00291825 /* AppDelegate.swift in Sources */ = {isa = PBXBuildFile; fileRef = 6208307524E9C13A00291825 /* AppDelegate.swift */; };
		6208307824E9C13A00291825 /* ViewController.swift in Sources */ = {isa = PBXBuildFile; fileRef = 6208307724E9C13A00291825 /* ViewController.swift */; };
		6208307B24E9C13A00291825 /* Main.storyboard in Resources */ = {isa = PBXBuildFile; fileRef = 6208307924E9C13A00291825 /* Main.storyboard */; };
		6208307E24E9C13A00291825 /* Medspace.xcdatamodeld in Sources */ = {isa = PBXBuildFile; fileRef = 6208307C24E9C13A00291825 /* Medspace.xcdatamodeld */; };
		6208308024E9C14200291825 /* Assets.xcassets in Resources */ = {isa = PBXBuildFile; fileRef = 6208307F24E9C14200291825 /* Assets.xcassets */; };
		6208308324E9C14200291825 /* LaunchScreen.storyboard in Resources */ = {isa = PBXBuildFile; fileRef = 6208308124E9C14200291825 /* LaunchScreen.storyboard */; };
		621535AC24EACF14007B18BA /* SignupVC.swift in Sources */ = {isa = PBXBuildFile; fileRef = 621535AB24EACF14007B18BA /* SignupVC.swift */; };
		621C6D40250E3B38001A345D /* SettingsVC.swift in Sources */ = {isa = PBXBuildFile; fileRef = 621C6D3F250E3B38001A345D /* SettingsVC.swift */; };
		6223B29824FA5634000F6E83 /* ShowNewsVC.swift in Sources */ = {isa = PBXBuildFile; fileRef = 6223B29724FA5634000F6E83 /* ShowNewsVC.swift */; };
		6225EC9A24F07F2600231774 /* Menu.png in Resources */ = {isa = PBXBuildFile; fileRef = 6225EC9924F07F2600231774 /* Menu.png */; };
		622691C524F8519100BDCB36 /* NewsVC.swift in Sources */ = {isa = PBXBuildFile; fileRef = 622691C424F8519100BDCB36 /* NewsVC.swift */; };
		622691C724F8522500BDCB36 /* NewsCell.swift in Sources */ = {isa = PBXBuildFile; fileRef = 622691C624F8522500BDCB36 /* NewsCell.swift */; };
		6227CCE325037A0600EB676B /* MyCasesVC.swift in Sources */ = {isa = PBXBuildFile; fileRef = 6227CCE225037A0600EB676B /* MyCasesVC.swift */; };
		6227CCE52503826900EB676B /* EditCaseVC1.swift in Sources */ = {isa = PBXBuildFile; fileRef = 6227CCE42503826900EB676B /* EditCaseVC1.swift */; };
		6227CCE72503827600EB676B /* EditCaseVC2.swift in Sources */ = {isa = PBXBuildFile; fileRef = 6227CCE62503827600EB676B /* EditCaseVC2.swift */; };
		6229EEBC25080A0900EA7CC1 /* Logout.png in Resources */ = {isa = PBXBuildFile; fileRef = 6229EEBB25080A0900EA7CC1 /* Logout.png */; };
		6229EEC225080D8700EA7CC1 /* Researches.png in Resources */ = {isa = PBXBuildFile; fileRef = 6229EEC125080D8700EA7CC1 /* Researches.png */; };
		6229EEC525080E9700EA7CC1 /* Cases.png in Resources */ = {isa = PBXBuildFile; fileRef = 6229EEC325080E9600EA7CC1 /* Cases.png */; };
		6229EEC625080E9700EA7CC1 /* Discussions.png in Resources */ = {isa = PBXBuildFile; fileRef = 6229EEC425080E9600EA7CC1 /* Discussions.png */; };
		6229EEC82508123E00EA7CC1 /* Entities.swift in Sources */ = {isa = PBXBuildFile; fileRef = 6229EEC72508123E00EA7CC1 /* Entities.swift */; };
		6246D17A250171A70067A382 /* MyResearchesVC.swift in Sources */ = {isa = PBXBuildFile; fileRef = 6246D179250171A70067A382 /* MyResearchesVC.swift */; };
		6246D17C250176F00067A382 /* EditResearchVC1.swift in Sources */ = {isa = PBXBuildFile; fileRef = 6246D17B250176F00067A382 /* EditResearchVC1.swift */; };
		6246D17E2501770A0067A382 /* EditResearchVC2.swift in Sources */ = {isa = PBXBuildFile; fileRef = 6246D17D2501770A0067A382 /* EditResearchVC2.swift */; };
		6246D9C424EA772A0057872E /* Logo.png in Resources */ = {isa = PBXBuildFile; fileRef = 6246D9C324EA772A0057872E /* Logo.png */; };
		6246D9C624EA78800057872E /* Icon.png in Resources */ = {isa = PBXBuildFile; fileRef = 6246D9C524EA787F0057872E /* Icon.png */; };
		6246D9C824EA7A260057872E /* Icon_no_back.png in Resources */ = {isa = PBXBuildFile; fileRef = 6246D9C724EA7A260057872E /* Icon_no_back.png */; };
		6246D9CA24EA7CD80057872E /* LoginVC.swift in Sources */ = {isa = PBXBuildFile; fileRef = 6246D9C924EA7CD80057872E /* LoginVC.swift */; };
		625D738D2506304F00104DBB /* DiscussionsVC.swift in Sources */ = {isa = PBXBuildFile; fileRef = 625D738C2506304F00104DBB /* DiscussionsVC.swift */; };
		625D738F2506305A00104DBB /* MyDiscussionsVC.swift in Sources */ = {isa = PBXBuildFile; fileRef = 625D738E2506305A00104DBB /* MyDiscussionsVC.swift */; };
		625D7391250636FF00104DBB /* CreateDiscussionVC.swift in Sources */ = {isa = PBXBuildFile; fileRef = 625D7390250636FF00104DBB /* CreateDiscussionVC.swift */; };
		625DD09224F0218B007F6994 /* AdminMenuVC.swift in Sources */ = {isa = PBXBuildFile; fileRef = 625DD09124F0218B007F6994 /* AdminMenuVC.swift */; };
		625DD09424F02199007F6994 /* DoctorMenuVC.swift in Sources */ = {isa = PBXBuildFile; fileRef = 625DD09324F02199007F6994 /* DoctorMenuVC.swift */; };
		626EF45124F4319B00D8A59B /* CreateNewsVC2.swift in Sources */ = {isa = PBXBuildFile; fileRef = 626EF45024F4319B00D8A59B /* CreateNewsVC2.swift */; };
		62AE62CD250FADDF008E2EBD /* Settings.png in Resources */ = {isa = PBXBuildFile; fileRef = 62AE62CC250FADDD008E2EBD /* Settings.png */; };
		62AE62CF250FAE3F008E2EBD /* ProfileVC.swift in Sources */ = {isa = PBXBuildFile; fileRef = 62AE62CE250FAE3F008E2EBD /* ProfileVC.swift */; };
		62CEF60424F2756A00625E9C /* News.png in Resources */ = {isa = PBXBuildFile; fileRef = 62CEF60324F2756A00625E9C /* News.png */; };
		62CEF61024F2792100625E9C /* MyPosts.png in Resources */ = {isa = PBXBuildFile; fileRef = 62CEF60F24F2792100625E9C /* MyPosts.png */; };
		62D5FAB22502B1E800772594 /* CasesVC.swift in Sources */ = {isa = PBXBuildFile; fileRef = 62D5FAB12502B1E800772594 /* CasesVC.swift */; };
		62D5FAB42502B59100772594 /* CreateCaseVC.swift in Sources */ = {isa = PBXBuildFile; fileRef = 62D5FAB32502B59100772594 /* CreateCaseVC.swift */; };
		62D8C7AD24FE75830031587E /* ResearchesVC.swift in Sources */ = {isa = PBXBuildFile; fileRef = 62D8C7AC24FE75830031587E /* ResearchesVC.swift */; };
		62D8C7B424FE7C100031587E /* DataCell.swift in Sources */ = {isa = PBXBuildFile; fileRef = 62D8C7B324FE7C100031587E /* DataCell.swift */; };
		62D9782D24FF9328002E4664 /* CreateResearchVC.swift in Sources */ = {isa = PBXBuildFile; fileRef = 62D9782C24FF9328002E4664 /* CreateResearchVC.swift */; };
		62DF80CB24F04B6E00E758E9 /* CollapsibleTableViewCell.swift in Sources */ = {isa = PBXBuildFile; fileRef = 62DF80CA24F04B6E00E758E9 /* CollapsibleTableViewCell.swift */; };
		62E3D3B32503E3D900BB9CE8 /* ShowCaseVC.swift in Sources */ = {isa = PBXBuildFile; fileRef = 62E3D3B22503E3D900BB9CE8 /* ShowCaseVC.swift */; };
		62EC96762500254600E0B56E /* ShowResearchVC.swift in Sources */ = {isa = PBXBuildFile; fileRef = 62EC96752500254600E0B56E /* ShowResearchVC.swift */; };
		62EC967825002E7000E0B56E /* DocumentViewerVC.swift in Sources */ = {isa = PBXBuildFile; fileRef = 62EC967725002E7000E0B56E /* DocumentViewerVC.swift */; };
		62F1193A2507870B004A05AC /* GoogleService-Info.plist in Resources */ = {isa = PBXBuildFile; fileRef = 62F119392507870B004A05AC /* GoogleService-Info.plist */; };
		62F1193C2507A6C4004A05AC /* NewPost.png in Resources */ = {isa = PBXBuildFile; fileRef = 62F1193B2507A6C4004A05AC /* NewPost.png */; };
		62F1193E2507A788004A05AC /* Account.png in Resources */ = {isa = PBXBuildFile; fileRef = 62F1193D2507A787004A05AC /* Account.png */; };
		62F119422507AB46004A05AC /* Posts.png in Resources */ = {isa = PBXBuildFile; fileRef = 62F119412507AB46004A05AC /* Posts.png */; };
		62F119442507ACF2004A05AC /* Home.png in Resources */ = {isa = PBXBuildFile; fileRef = 62F119432507ACF2004A05AC /* Home.png */; };
		62F1650D24F3B380007A931F /* CreateNewsVC1.swift in Sources */ = {isa = PBXBuildFile; fileRef = 62F1650C24F3B380007A931F /* CreateNewsVC1.swift */; };
		62F6122225011C7100892188 /* EditNewsVC1.swift in Sources */ = {isa = PBXBuildFile; fileRef = 62F6122125011C7100892188 /* EditNewsVC1.swift */; };
		62F612262501236A00892188 /* EditNewsVC2.swift in Sources */ = {isa = PBXBuildFile; fileRef = 62F612252501236A00892188 /* EditNewsVC2.swift */; };
		62F9F875250651AF0015E30C /* ShowDiscussionVC.swift in Sources */ = {isa = PBXBuildFile; fileRef = 62F9F874250651AF0015E30C /* ShowDiscussionVC.swift */; };
		62F9F8772506530C0015E30C /* EditDiscussionVC.swift in Sources */ = {isa = PBXBuildFile; fileRef = 62F9F8762506530C0015E30C /* EditDiscussionVC.swift */; };
		62FA30E824FABD4C00BB0C45 /* Medspace-News.png in Resources */ = {isa = PBXBuildFile; fileRef = 62FA30E424FABD4B00BB0C45 /* Medspace-News.png */; };
		62FB08B52500E01E0064C988 /* MyNewsVC.swift in Sources */ = {isa = PBXBuildFile; fileRef = 62FB08B42500E01E0064C988 /* MyNewsVC.swift */; };
		62FFEEF82508C0C4006A7BE8 /* Comments.png in Resources */ = {isa = PBXBuildFile; fileRef = 62FFEEF72508C0C3006A7BE8 /* Comments.png */; };
/* End PBXBuildFile section */

/* Begin PBXFileReference section */
		61E7321947D99958AD0B3EB8 /* Pods-Medspace.debug.xcconfig */ = {isa = PBXFileReference; includeInIndex = 1; lastKnownFileType = text.xcconfig; name = "Pods-Medspace.debug.xcconfig"; path = "Pods/Target Support Files/Pods-Medspace/Pods-Medspace.debug.xcconfig"; sourceTree = "<group>"; };
		6208307224E9C13A00291825 /* Medspace.app */ = {isa = PBXFileReference; explicitFileType = wrapper.application; includeInIndex = 0; path = Medspace.app; sourceTree = BUILT_PRODUCTS_DIR; };
		6208307524E9C13A00291825 /* AppDelegate.swift */ = {isa = PBXFileReference; lastKnownFileType = sourcecode.swift; path = AppDelegate.swift; sourceTree = "<group>"; };
		6208307724E9C13A00291825 /* ViewController.swift */ = {isa = PBXFileReference; lastKnownFileType = sourcecode.swift; path = ViewController.swift; sourceTree = "<group>"; };
		6208307A24E9C13A00291825 /* Base */ = {isa = PBXFileReference; lastKnownFileType = file.storyboard; name = Base; path = Base.lproj/Main.storyboard; sourceTree = "<group>"; };
		6208307D24E9C13A00291825 /* Medspace.xcdatamodel */ = {isa = PBXFileReference; lastKnownFileType = wrapper.xcdatamodel; path = Medspace.xcdatamodel; sourceTree = "<group>"; };
		6208307F24E9C14200291825 /* Assets.xcassets */ = {isa = PBXFileReference; lastKnownFileType = folder.assetcatalog; path = Assets.xcassets; sourceTree = "<group>"; };
		6208308224E9C14200291825 /* Base */ = {isa = PBXFileReference; lastKnownFileType = file.storyboard; name = Base; path = Base.lproj/LaunchScreen.storyboard; sourceTree = "<group>"; };
		6208308424E9C14200291825 /* Info.plist */ = {isa = PBXFileReference; lastKnownFileType = text.plist.xml; path = Info.plist; sourceTree = "<group>"; };
		621535AB24EACF14007B18BA /* SignupVC.swift */ = {isa = PBXFileReference; lastKnownFileType = sourcecode.swift; path = SignupVC.swift; sourceTree = "<group>"; };
		621C6D3F250E3B38001A345D /* SettingsVC.swift */ = {isa = PBXFileReference; lastKnownFileType = sourcecode.swift; path = SettingsVC.swift; sourceTree = "<group>"; };
		6223B29724FA5634000F6E83 /* ShowNewsVC.swift */ = {isa = PBXFileReference; lastKnownFileType = sourcecode.swift; path = ShowNewsVC.swift; sourceTree = "<group>"; };
		6225EC9924F07F2600231774 /* Menu.png */ = {isa = PBXFileReference; lastKnownFileType = image.png; path = Menu.png; sourceTree = "<group>"; };
		622691C424F8519100BDCB36 /* NewsVC.swift */ = {isa = PBXFileReference; lastKnownFileType = sourcecode.swift; path = NewsVC.swift; sourceTree = "<group>"; };
		622691C624F8522500BDCB36 /* NewsCell.swift */ = {isa = PBXFileReference; lastKnownFileType = sourcecode.swift; path = NewsCell.swift; sourceTree = "<group>"; };
		6227CCE225037A0600EB676B /* MyCasesVC.swift */ = {isa = PBXFileReference; lastKnownFileType = sourcecode.swift; path = MyCasesVC.swift; sourceTree = "<group>"; };
		6227CCE42503826900EB676B /* EditCaseVC1.swift */ = {isa = PBXFileReference; lastKnownFileType = sourcecode.swift; path = EditCaseVC1.swift; sourceTree = "<group>"; };
		6227CCE62503827600EB676B /* EditCaseVC2.swift */ = {isa = PBXFileReference; lastKnownFileType = sourcecode.swift; path = EditCaseVC2.swift; sourceTree = "<group>"; };
		6229EEBB25080A0900EA7CC1 /* Logout.png */ = {isa = PBXFileReference; lastKnownFileType = image.png; path = Logout.png; sourceTree = "<group>"; };
		6229EEC125080D8700EA7CC1 /* Researches.png */ = {isa = PBXFileReference; lastKnownFileType = image.png; path = Researches.png; sourceTree = "<group>"; };
		6229EEC325080E9600EA7CC1 /* Cases.png */ = {isa = PBXFileReference; lastKnownFileType = image.png; path = Cases.png; sourceTree = "<group>"; };
		6229EEC425080E9600EA7CC1 /* Discussions.png */ = {isa = PBXFileReference; lastKnownFileType = image.png; path = Discussions.png; sourceTree = "<group>"; };
		6229EEC72508123E00EA7CC1 /* Entities.swift */ = {isa = PBXFileReference; lastKnownFileType = sourcecode.swift; path = Entities.swift; sourceTree = "<group>"; };
		6246D179250171A70067A382 /* MyResearchesVC.swift */ = {isa = PBXFileReference; lastKnownFileType = sourcecode.swift; path = MyResearchesVC.swift; sourceTree = "<group>"; };
		6246D17B250176F00067A382 /* EditResearchVC1.swift */ = {isa = PBXFileReference; lastKnownFileType = sourcecode.swift; path = EditResearchVC1.swift; sourceTree = "<group>"; };
		6246D17D2501770A0067A382 /* EditResearchVC2.swift */ = {isa = PBXFileReference; lastKnownFileType = sourcecode.swift; path = EditResearchVC2.swift; sourceTree = "<group>"; };
		6246D9C324EA772A0057872E /* Logo.png */ = {isa = PBXFileReference; lastKnownFileType = image.png; path = Logo.png; sourceTree = "<group>"; };
		6246D9C524EA787F0057872E /* Icon.png */ = {isa = PBXFileReference; lastKnownFileType = image.png; path = Icon.png; sourceTree = "<group>"; };
		6246D9C724EA7A260057872E /* Icon_no_back.png */ = {isa = PBXFileReference; lastKnownFileType = image.png; path = Icon_no_back.png; sourceTree = "<group>"; };
		6246D9C924EA7CD80057872E /* LoginVC.swift */ = {isa = PBXFileReference; lastKnownFileType = sourcecode.swift; path = LoginVC.swift; sourceTree = "<group>"; };
		625D738C2506304F00104DBB /* DiscussionsVC.swift */ = {isa = PBXFileReference; lastKnownFileType = sourcecode.swift; path = DiscussionsVC.swift; sourceTree = "<group>"; };
		625D738E2506305A00104DBB /* MyDiscussionsVC.swift */ = {isa = PBXFileReference; lastKnownFileType = sourcecode.swift; path = MyDiscussionsVC.swift; sourceTree = "<group>"; };
		625D7390250636FF00104DBB /* CreateDiscussionVC.swift */ = {isa = PBXFileReference; lastKnownFileType = sourcecode.swift; path = CreateDiscussionVC.swift; sourceTree = "<group>"; };
		625DD09124F0218B007F6994 /* AdminMenuVC.swift */ = {isa = PBXFileReference; lastKnownFileType = sourcecode.swift; path = AdminMenuVC.swift; sourceTree = "<group>"; };
		625DD09324F02199007F6994 /* DoctorMenuVC.swift */ = {isa = PBXFileReference; lastKnownFileType = sourcecode.swift; path = DoctorMenuVC.swift; sourceTree = "<group>"; };
		626EF45024F4319B00D8A59B /* CreateNewsVC2.swift */ = {isa = PBXFileReference; lastKnownFileType = sourcecode.swift; path = CreateNewsVC2.swift; sourceTree = "<group>"; };
		62AE62CC250FADDD008E2EBD /* Settings.png */ = {isa = PBXFileReference; lastKnownFileType = image.png; path = Settings.png; sourceTree = "<group>"; };
		62AE62CE250FAE3F008E2EBD /* ProfileVC.swift */ = {isa = PBXFileReference; lastKnownFileType = sourcecode.swift; path = ProfileVC.swift; sourceTree = "<group>"; };
		62CEF60324F2756A00625E9C /* News.png */ = {isa = PBXFileReference; lastKnownFileType = image.png; path = News.png; sourceTree = "<group>"; };
		62CEF60F24F2792100625E9C /* MyPosts.png */ = {isa = PBXFileReference; lastKnownFileType = image.png; path = MyPosts.png; sourceTree = "<group>"; };
		62D5FAB12502B1E800772594 /* CasesVC.swift */ = {isa = PBXFileReference; lastKnownFileType = sourcecode.swift; path = CasesVC.swift; sourceTree = "<group>"; };
		62D5FAB32502B59100772594 /* CreateCaseVC.swift */ = {isa = PBXFileReference; lastKnownFileType = sourcecode.swift; path = CreateCaseVC.swift; sourceTree = "<group>"; };
		62D8C7AC24FE75830031587E /* ResearchesVC.swift */ = {isa = PBXFileReference; lastKnownFileType = sourcecode.swift; path = ResearchesVC.swift; sourceTree = "<group>"; };
		62D8C7B324FE7C100031587E /* DataCell.swift */ = {isa = PBXFileReference; lastKnownFileType = sourcecode.swift; path = DataCell.swift; sourceTree = "<group>"; };
		62D9782C24FF9328002E4664 /* CreateResearchVC.swift */ = {isa = PBXFileReference; lastKnownFileType = sourcecode.swift; path = CreateResearchVC.swift; sourceTree = "<group>"; };
		62DF80CA24F04B6E00E758E9 /* CollapsibleTableViewCell.swift */ = {isa = PBXFileReference; lastKnownFileType = sourcecode.swift; path = CollapsibleTableViewCell.swift; sourceTree = "<group>"; };
		62E3D3B22503E3D900BB9CE8 /* ShowCaseVC.swift */ = {isa = PBXFileReference; lastKnownFileType = sourcecode.swift; path = ShowCaseVC.swift; sourceTree = "<group>"; };
		62EC96752500254600E0B56E /* ShowResearchVC.swift */ = {isa = PBXFileReference; lastKnownFileType = sourcecode.swift; path = ShowResearchVC.swift; sourceTree = "<group>"; };
		62EC967725002E7000E0B56E /* DocumentViewerVC.swift */ = {isa = PBXFileReference; lastKnownFileType = sourcecode.swift; path = DocumentViewerVC.swift; sourceTree = "<group>"; };
		62F119392507870B004A05AC /* GoogleService-Info.plist */ = {isa = PBXFileReference; fileEncoding = 4; lastKnownFileType = text.plist.xml; path = "GoogleService-Info.plist"; sourceTree = "<group>"; };
		62F1193B2507A6C4004A05AC /* NewPost.png */ = {isa = PBXFileReference; lastKnownFileType = image.png; path = NewPost.png; sourceTree = "<group>"; };
		62F1193D2507A787004A05AC /* Account.png */ = {isa = PBXFileReference; lastKnownFileType = image.png; path = Account.png; sourceTree = "<group>"; };
		62F119412507AB46004A05AC /* Posts.png */ = {isa = PBXFileReference; lastKnownFileType = image.png; path = Posts.png; sourceTree = "<group>"; };
		62F119432507ACF2004A05AC /* Home.png */ = {isa = PBXFileReference; lastKnownFileType = image.png; path = Home.png; sourceTree = "<group>"; };
		62F1650C24F3B380007A931F /* CreateNewsVC1.swift */ = {isa = PBXFileReference; lastKnownFileType = sourcecode.swift; path = CreateNewsVC1.swift; sourceTree = "<group>"; };
		62F6013A24FFF8EC0023A8CC /* Medspace.entitlements */ = {isa = PBXFileReference; lastKnownFileType = text.plist.entitlements; path = Medspace.entitlements; sourceTree = "<group>"; };
		62F6122125011C7100892188 /* EditNewsVC1.swift */ = {isa = PBXFileReference; lastKnownFileType = sourcecode.swift; path = EditNewsVC1.swift; sourceTree = "<group>"; };
		62F612252501236A00892188 /* EditNewsVC2.swift */ = {isa = PBXFileReference; lastKnownFileType = sourcecode.swift; path = EditNewsVC2.swift; sourceTree = "<group>"; };
		62F9F874250651AF0015E30C /* ShowDiscussionVC.swift */ = {isa = PBXFileReference; lastKnownFileType = sourcecode.swift; path = ShowDiscussionVC.swift; sourceTree = "<group>"; };
		62F9F8762506530C0015E30C /* EditDiscussionVC.swift */ = {isa = PBXFileReference; lastKnownFileType = sourcecode.swift; path = EditDiscussionVC.swift; sourceTree = "<group>"; };
		62FA30E424FABD4B00BB0C45 /* Medspace-News.png */ = {isa = PBXFileReference; lastKnownFileType = image.png; path = "Medspace-News.png"; sourceTree = "<group>"; };
		62FB08B42500E01E0064C988 /* MyNewsVC.swift */ = {isa = PBXFileReference; lastKnownFileType = sourcecode.swift; path = MyNewsVC.swift; sourceTree = "<group>"; };
		62FFEEF72508C0C3006A7BE8 /* Comments.png */ = {isa = PBXFileReference; lastKnownFileType = image.png; path = Comments.png; sourceTree = "<group>"; };
		D433556773E8CCF78CB7B050 /* Pods_Medspace.framework */ = {isa = PBXFileReference; explicitFileType = wrapper.framework; includeInIndex = 0; path = Pods_Medspace.framework; sourceTree = BUILT_PRODUCTS_DIR; };
		F8BF7C33915A6B9F15E500A6 /* Pods-Medspace.release.xcconfig */ = {isa = PBXFileReference; includeInIndex = 1; lastKnownFileType = text.xcconfig; name = "Pods-Medspace.release.xcconfig"; path = "Pods/Target Support Files/Pods-Medspace/Pods-Medspace.release.xcconfig"; sourceTree = "<group>"; };
/* End PBXFileReference section */

/* Begin PBXFrameworksBuildPhase section */
		6208306F24E9C13A00291825 /* Frameworks */ = {
			isa = PBXFrameworksBuildPhase;
			buildActionMask = 2147483647;
			files = (
				26F56ABC2DFE0D8D0594A31E /* Pods_Medspace.framework in Frameworks */,
			);
			runOnlyForDeploymentPostprocessing = 0;
		};
/* End PBXFrameworksBuildPhase section */

/* Begin PBXGroup section */
		6208306924E9C13A00291825 = {
			isa = PBXGroup;
			children = (
				6208307424E9C13A00291825 /* Medspace */,
				6208307324E9C13A00291825 /* Products */,
				CB447CD4A32786C6532C375E /* Pods */,
				ABDC8C1018CA961B65659E5A /* Frameworks */,
			);
			sourceTree = "<group>";
		};
		6208307324E9C13A00291825 /* Products */ = {
			isa = PBXGroup;
			children = (
				6208307224E9C13A00291825 /* Medspace.app */,
			);
			name = Products;
			sourceTree = "<group>";
		};
		6208307424E9C13A00291825 /* Medspace */ = {
			isa = PBXGroup;
			children = (
				625D738B2506303900104DBB /* Discussions */,
				62D5FAB02502B1D700772594 /* Cases */,
				62F6013A24FFF8EC0023A8CC /* Medspace.entitlements */,
				62D8C7B024FE7AA60031587E /*  Shared */,
				62D8C7AB24FE755C0031587E /* Researches */,
				62F1650B24F3B34B007A931F /* News */,
				625DD09024F02177007F6994 /* SideMenu */,
				6246D9C224EA77210057872E /* Images */,
				6208307524E9C13A00291825 /* AppDelegate.swift */,
				6208307924E9C13A00291825 /* Main.storyboard */,
				6208307F24E9C14200291825 /* Assets.xcassets */,
				6208308124E9C14200291825 /* LaunchScreen.storyboard */,
				6208308424E9C14200291825 /* Info.plist */,
				62F119392507870B004A05AC /* GoogleService-Info.plist */,
				6208307C24E9C13A00291825 /* Medspace.xcdatamodeld */,
			);
			path = Medspace;
			sourceTree = "<group>";
		};
		6246D9C224EA77210057872E /* Images */ = {
			isa = PBXGroup;
			children = (
				62FFEEF72508C0C3006A7BE8 /* Comments.png */,
				6229EEC325080E9600EA7CC1 /* Cases.png */,
				62AE62CC250FADDD008E2EBD /* Settings.png */,
				6229EEC425080E9600EA7CC1 /* Discussions.png */,
				6229EEC125080D8700EA7CC1 /* Researches.png */,
				6229EEBB25080A0900EA7CC1 /* Logout.png */,
				62F119432507ACF2004A05AC /* Home.png */,
				62F119412507AB46004A05AC /* Posts.png */,
				62F1193D2507A787004A05AC /* Account.png */,
				62F1193B2507A6C4004A05AC /* NewPost.png */,
				62FA30E424FABD4B00BB0C45 /* Medspace-News.png */,
				62CEF60F24F2792100625E9C /* MyPosts.png */,
				62CEF60324F2756A00625E9C /* News.png */,
				6225EC9924F07F2600231774 /* Menu.png */,
				6246D9C724EA7A260057872E /* Icon_no_back.png */,
				6246D9C524EA787F0057872E /* Icon.png */,
				6246D9C324EA772A0057872E /* Logo.png */,
			);
			path = Images;
			sourceTree = "<group>";
		};
		625D738B2506303900104DBB /* Discussions */ = {
			isa = PBXGroup;
			children = (
				625D738C2506304F00104DBB /* DiscussionsVC.swift */,
				625D738E2506305A00104DBB /* MyDiscussionsVC.swift */,
				625D7390250636FF00104DBB /* CreateDiscussionVC.swift */,
				62F9F874250651AF0015E30C /* ShowDiscussionVC.swift */,
				62F9F8762506530C0015E30C /* EditDiscussionVC.swift */,
			);
			path = Discussions;
			sourceTree = "<group>";
		};
		625DD09024F02177007F6994 /* SideMenu */ = {
			isa = PBXGroup;
			children = (
				625DD09124F0218B007F6994 /* AdminMenuVC.swift */,
				625DD09324F02199007F6994 /* DoctorMenuVC.swift */,
				62DF80CA24F04B6E00E758E9 /* CollapsibleTableViewCell.swift */,
			);
			path = SideMenu;
			sourceTree = "<group>";
		};
		62D5FAB02502B1D700772594 /* Cases */ = {
			isa = PBXGroup;
			children = (
				62D5FAB12502B1E800772594 /* CasesVC.swift */,
				62D5FAB32502B59100772594 /* CreateCaseVC.swift */,
				6227CCE225037A0600EB676B /* MyCasesVC.swift */,
				6227CCE42503826900EB676B /* EditCaseVC1.swift */,
				6227CCE62503827600EB676B /* EditCaseVC2.swift */,
				62E3D3B22503E3D900BB9CE8 /* ShowCaseVC.swift */,
			);
			path = Cases;
			sourceTree = "<group>";
		};
		62D8C7AB24FE755C0031587E /* Researches */ = {
			isa = PBXGroup;
			children = (
				62D8C7AC24FE75830031587E /* ResearchesVC.swift */,
				62D9782C24FF9328002E4664 /* CreateResearchVC.swift */,
				62EC96752500254600E0B56E /* ShowResearchVC.swift */,
				62EC967725002E7000E0B56E /* DocumentViewerVC.swift */,
				6246D179250171A70067A382 /* MyResearchesVC.swift */,
				6246D17B250176F00067A382 /* EditResearchVC1.swift */,
				6246D17D2501770A0067A382 /* EditResearchVC2.swift */,
			);
			path = Researches;
			sourceTree = "<group>";
		};
		62D8C7B024FE7AA60031587E /*  Shared */ = {
			isa = PBXGroup;
			children = (
				6208307724E9C13A00291825 /* ViewController.swift */,
				6246D9C924EA7CD80057872E /* LoginVC.swift */,
				621535AB24EACF14007B18BA /* SignupVC.swift */,
				62D8C7B324FE7C100031587E /* DataCell.swift */,
				6229EEC72508123E00EA7CC1 /* Entities.swift */,
				621C6D3F250E3B38001A345D /* SettingsVC.swift */,
				62AE62CE250FAE3F008E2EBD /* ProfileVC.swift */,
			);
			path = " Shared";
			sourceTree = "<group>";
		};
		62F1650B24F3B34B007A931F /* News */ = {
			isa = PBXGroup;
			children = (
				622691C424F8519100BDCB36 /* NewsVC.swift */,
				622691C624F8522500BDCB36 /* NewsCell.swift */,
				62FB08B42500E01E0064C988 /* MyNewsVC.swift */,
				62F1650C24F3B380007A931F /* CreateNewsVC1.swift */,
				626EF45024F4319B00D8A59B /* CreateNewsVC2.swift */,
				6223B29724FA5634000F6E83 /* ShowNewsVC.swift */,
				62F6122125011C7100892188 /* EditNewsVC1.swift */,
				62F612252501236A00892188 /* EditNewsVC2.swift */,
			);
			path = News;
			sourceTree = "<group>";
		};
		ABDC8C1018CA961B65659E5A /* Frameworks */ = {
			isa = PBXGroup;
			children = (
				D433556773E8CCF78CB7B050 /* Pods_Medspace.framework */,
			);
			name = Frameworks;
			sourceTree = "<group>";
		};
		CB447CD4A32786C6532C375E /* Pods */ = {
			isa = PBXGroup;
			children = (
				61E7321947D99958AD0B3EB8 /* Pods-Medspace.debug.xcconfig */,
				F8BF7C33915A6B9F15E500A6 /* Pods-Medspace.release.xcconfig */,
			);
			name = Pods;
			sourceTree = "<group>";
		};
/* End PBXGroup section */

/* Begin PBXNativeTarget section */
		6208307124E9C13A00291825 /* Medspace */ = {
			isa = PBXNativeTarget;
			buildConfigurationList = 6208308724E9C14200291825 /* Build configuration list for PBXNativeTarget "Medspace" */;
			buildPhases = (
				F9A00CD3733853C4677FBC1E /* [CP] Check Pods Manifest.lock */,
				6208306E24E9C13A00291825 /* Sources */,
				6208306F24E9C13A00291825 /* Frameworks */,
				6208307024E9C13A00291825 /* Resources */,
				7D92761410113F4193B9D883 /* [CP] Embed Pods Frameworks */,
				40C534F7FC8C8136A5A295DD /* [CP] Copy Pods Resources */,
			);
			buildRules = (
			);
			dependencies = (
			);
			name = Medspace;
			productName = Medspace;
			productReference = 6208307224E9C13A00291825 /* Medspace.app */;
			productType = "com.apple.product-type.application";
		};
/* End PBXNativeTarget section */

/* Begin PBXProject section */
		6208306A24E9C13A00291825 /* Project object */ = {
			isa = PBXProject;
			attributes = {
				LastSwiftUpdateCheck = 1010;
				LastUpgradeCheck = 1010;
				ORGANIZATIONNAME = "Queralt Sosa Mompel";
				TargetAttributes = {
					6208307124E9C13A00291825 = {
						CreatedOnToolsVersion = 10.1;
						SystemCapabilities = {
							com.apple.Keychain = {
								enabled = 0;
							};
						};
					};
				};
			};
			buildConfigurationList = 6208306D24E9C13A00291825 /* Build configuration list for PBXProject "Medspace" */;
			compatibilityVersion = "Xcode 9.3";
			developmentRegion = en;
			hasScannedForEncodings = 0;
			knownRegions = (
				en,
				Base,
			);
			mainGroup = 6208306924E9C13A00291825;
			productRefGroup = 6208307324E9C13A00291825 /* Products */;
			projectDirPath = "";
			projectRoot = "";
			targets = (
				6208307124E9C13A00291825 /* Medspace */,
			);
		};
/* End PBXProject section */

/* Begin PBXResourcesBuildPhase section */
		6208307024E9C13A00291825 /* Resources */ = {
			isa = PBXResourcesBuildPhase;
			buildActionMask = 2147483647;
			files = (
				62CEF60424F2756A00625E9C /* News.png in Resources */,
				6225EC9A24F07F2600231774 /* Menu.png in Resources */,
				62F119422507AB46004A05AC /* Posts.png in Resources */,
				62FA30E824FABD4C00BB0C45 /* Medspace-News.png in Resources */,
				6246D9C624EA78800057872E /* Icon.png in Resources */,
				62FFEEF82508C0C4006A7BE8 /* Comments.png in Resources */,
				6229EEC525080E9700EA7CC1 /* Cases.png in Resources */,
				62F1193E2507A788004A05AC /* Account.png in Resources */,
				62F1193C2507A6C4004A05AC /* NewPost.png in Resources */,
				6229EEC225080D8700EA7CC1 /* Researches.png in Resources */,
				6229EEBC25080A0900EA7CC1 /* Logout.png in Resources */,
				6208308324E9C14200291825 /* LaunchScreen.storyboard in Resources */,
				62F119442507ACF2004A05AC /* Home.png in Resources */,
				6246D9C424EA772A0057872E /* Logo.png in Resources */,
				62AE62CD250FADDF008E2EBD /* Settings.png in Resources */,
				62F1193A2507870B004A05AC /* GoogleService-Info.plist in Resources */,
				6208308024E9C14200291825 /* Assets.xcassets in Resources */,
				6208307B24E9C13A00291825 /* Main.storyboard in Resources */,
				6229EEC625080E9700EA7CC1 /* Discussions.png in Resources */,
				6246D9C824EA7A260057872E /* Icon_no_back.png in Resources */,
				62CEF61024F2792100625E9C /* MyPosts.png in Resources */,
			);
			runOnlyForDeploymentPostprocessing = 0;
		};
/* End PBXResourcesBuildPhase section */

/* Begin PBXShellScriptBuildPhase section */
		40C534F7FC8C8136A5A295DD /* [CP] Copy Pods Resources */ = {
			isa = PBXShellScriptBuildPhase;
			buildActionMask = 2147483647;
			files = (
			);
			inputPaths = (
				"${SRCROOT}/Pods/Target Support Files/Pods-Medspace/Pods-Medspace-resources.sh",
				"${PODS_ROOT}/GoogleSignIn/Resources/GoogleSignIn.bundle",
			);
			name = "[CP] Copy Pods Resources";
			outputPaths = (
				"${TARGET_BUILD_DIR}/${UNLOCALIZED_RESOURCES_FOLDER_PATH}/GoogleSignIn.bundle",
			);
			runOnlyForDeploymentPostprocessing = 0;
			shellPath = /bin/sh;
			shellScript = "\"${SRCROOT}/Pods/Target Support Files/Pods-Medspace/Pods-Medspace-resources.sh\"\n";
			showEnvVarsInLog = 0;
		};
		7D92761410113F4193B9D883 /* [CP] Embed Pods Frameworks */ = {
			isa = PBXShellScriptBuildPhase;
			buildActionMask = 2147483647;
			files = (
			);
			inputPaths = (
				"${SRCROOT}/Pods/Target Support Files/Pods-Medspace/Pods-Medspace-frameworks.sh",
				"${BUILT_PRODUCTS_DIR}/GTMSessionFetcher/GTMSessionFetcher.framework",
				"${BUILT_PRODUCTS_DIR}/GoogleToolboxForMac/GoogleToolboxForMac.framework",
			);
			name = "[CP] Embed Pods Frameworks";
			outputPaths = (
				"${TARGET_BUILD_DIR}/${FRAMEWORKS_FOLDER_PATH}/GTMSessionFetcher.framework",
				"${TARGET_BUILD_DIR}/${FRAMEWORKS_FOLDER_PATH}/GoogleToolboxForMac.framework",
			);
			runOnlyForDeploymentPostprocessing = 0;
			shellPath = /bin/sh;
			shellScript = "\"${SRCROOT}/Pods/Target Support Files/Pods-Medspace/Pods-Medspace-frameworks.sh\"\n";
			showEnvVarsInLog = 0;
		};
		F9A00CD3733853C4677FBC1E /* [CP] Check Pods Manifest.lock */ = {
			isa = PBXShellScriptBuildPhase;
			buildActionMask = 2147483647;
			files = (
			);
			inputPaths = (
				"${PODS_PODFILE_DIR_PATH}/Podfile.lock",
				"${PODS_ROOT}/Manifest.lock",
			);
			name = "[CP] Check Pods Manifest.lock";
			outputPaths = (
				"$(DERIVED_FILE_DIR)/Pods-Medspace-checkManifestLockResult.txt",
			);
			runOnlyForDeploymentPostprocessing = 0;
			shellPath = /bin/sh;
			shellScript = "diff \"${PODS_PODFILE_DIR_PATH}/Podfile.lock\" \"${PODS_ROOT}/Manifest.lock\" > /dev/null\nif [ $? != 0 ] ; then\n    # print error to STDERR\n    echo \"error: The sandbox is not in sync with the Podfile.lock. Run 'pod install' or update your CocoaPods installation.\" >&2\n    exit 1\nfi\n# This output is used by Xcode 'outputs' to avoid re-running this script phase.\necho \"SUCCESS\" > \"${SCRIPT_OUTPUT_FILE_0}\"\n";
			showEnvVarsInLog = 0;
		};
/* End PBXShellScriptBuildPhase section */

/* Begin PBXSourcesBuildPhase section */
		6208306E24E9C13A00291825 /* Sources */ = {
			isa = PBXSourcesBuildPhase;
			buildActionMask = 2147483647;
			files = (
				62EC96762500254600E0B56E /* ShowResearchVC.swift in Sources */,
				62E3D3B32503E3D900BB9CE8 /* ShowCaseVC.swift in Sources */,
				625D738F2506305A00104DBB /* MyDiscussionsVC.swift in Sources */,
				6223B29824FA5634000F6E83 /* ShowNewsVC.swift in Sources */,
				6208307824E9C13A00291825 /* ViewController.swift in Sources */,
				6227CCE325037A0600EB676B /* MyCasesVC.swift in Sources */,
				6246D17C250176F00067A382 /* EditResearchVC1.swift in Sources */,
				6227CCE52503826900EB676B /* EditCaseVC1.swift in Sources */,
				62F612262501236A00892188 /* EditNewsVC2.swift in Sources */,
				62F9F8772506530C0015E30C /* EditDiscussionVC.swift in Sources */,
				621535AC24EACF14007B18BA /* SignupVC.swift in Sources */,
				6227CCE72503827600EB676B /* EditCaseVC2.swift in Sources */,
				622691C524F8519100BDCB36 /* NewsVC.swift in Sources */,
				62D5FAB22502B1E800772594 /* CasesVC.swift in Sources */,
				62DF80CB24F04B6E00E758E9 /* CollapsibleTableViewCell.swift in Sources */,
				62EC967825002E7000E0B56E /* DocumentViewerVC.swift in Sources */,
				6246D17A250171A70067A382 /* MyResearchesVC.swift in Sources */,
				62F1650D24F3B380007A931F /* CreateNewsVC1.swift in Sources */,
				6208307E24E9C13A00291825 /* Medspace.xcdatamodeld in Sources */,
				6246D17E2501770A0067A382 /* EditResearchVC2.swift in Sources */,
				621C6D40250E3B38001A345D /* SettingsVC.swift in Sources */,
				62D8C7AD24FE75830031587E /* ResearchesVC.swift in Sources */,
				625DD09224F0218B007F6994 /* AdminMenuVC.swift in Sources */,
				62D5FAB42502B59100772594 /* CreateCaseVC.swift in Sources */,
				6246D9CA24EA7CD80057872E /* LoginVC.swift in Sources */,
				6229EEC82508123E00EA7CC1 /* Entities.swift in Sources */,
				62AE62CF250FAE3F008E2EBD /* ProfileVC.swift in Sources */,
				625DD09424F02199007F6994 /* DoctorMenuVC.swift in Sources */,
				62D9782D24FF9328002E4664 /* CreateResearchVC.swift in Sources */,
				6208307624E9C13A00291825 /* AppDelegate.swift in Sources */,
				626EF45124F4319B00D8A59B /* CreateNewsVC2.swift in Sources */,
				625D7391250636FF00104DBB /* CreateDiscussionVC.swift in Sources */,
				62FB08B52500E01E0064C988 /* MyNewsVC.swift in Sources */,
				62F9F875250651AF0015E30C /* ShowDiscussionVC.swift in Sources */,
				62D8C7B424FE7C100031587E /* DataCell.swift in Sources */,
				62F6122225011C7100892188 /* EditNewsVC1.swift in Sources */,
				622691C724F8522500BDCB36 /* NewsCell.swift in Sources */,
				625D738D2506304F00104DBB /* DiscussionsVC.swift in Sources */,
			);
			runOnlyForDeploymentPostprocessing = 0;
		};
/* End PBXSourcesBuildPhase section */

/* Begin PBXVariantGroup section */
		6208307924E9C13A00291825 /* Main.storyboard */ = {
			isa = PBXVariantGroup;
			children = (
				6208307A24E9C13A00291825 /* Base */,
			);
			name = Main.storyboard;
			sourceTree = "<group>";
		};
		6208308124E9C14200291825 /* LaunchScreen.storyboard */ = {
			isa = PBXVariantGroup;
			children = (
				6208308224E9C14200291825 /* Base */,
			);
			name = LaunchScreen.storyboard;
			sourceTree = "<group>";
		};
/* End PBXVariantGroup section */

/* Begin XCBuildConfiguration section */
		6208308524E9C14200291825 /* Debug */ = {
			isa = XCBuildConfiguration;
			buildSettings = {
				ALWAYS_SEARCH_USER_PATHS = NO;
				CLANG_ANALYZER_NONNULL = YES;
				CLANG_ANALYZER_NUMBER_OBJECT_CONVERSION = YES_AGGRESSIVE;
				CLANG_CXX_LANGUAGE_STANDARD = "gnu++14";
				CLANG_CXX_LIBRARY = "libc++";
				CLANG_ENABLE_MODULES = YES;
				CLANG_ENABLE_OBJC_ARC = YES;
				CLANG_ENABLE_OBJC_WEAK = YES;
				CLANG_WARN_BLOCK_CAPTURE_AUTORELEASING = YES;
				CLANG_WARN_BOOL_CONVERSION = YES;
				CLANG_WARN_COMMA = YES;
				CLANG_WARN_CONSTANT_CONVERSION = YES;
				CLANG_WARN_DEPRECATED_OBJC_IMPLEMENTATIONS = YES;
				CLANG_WARN_DIRECT_OBJC_ISA_USAGE = YES_ERROR;
				CLANG_WARN_DOCUMENTATION_COMMENTS = YES;
				CLANG_WARN_EMPTY_BODY = YES;
				CLANG_WARN_ENUM_CONVERSION = YES;
				CLANG_WARN_INFINITE_RECURSION = YES;
				CLANG_WARN_INT_CONVERSION = YES;
				CLANG_WARN_NON_LITERAL_NULL_CONVERSION = YES;
				CLANG_WARN_OBJC_IMPLICIT_RETAIN_SELF = YES;
				CLANG_WARN_OBJC_LITERAL_CONVERSION = YES;
				CLANG_WARN_OBJC_ROOT_CLASS = YES_ERROR;
				CLANG_WARN_RANGE_LOOP_ANALYSIS = YES;
				CLANG_WARN_STRICT_PROTOTYPES = YES;
				CLANG_WARN_SUSPICIOUS_MOVE = YES;
				CLANG_WARN_UNGUARDED_AVAILABILITY = YES_AGGRESSIVE;
				CLANG_WARN_UNREACHABLE_CODE = YES;
				CLANG_WARN__DUPLICATE_METHOD_MATCH = YES;
				CODE_SIGN_IDENTITY = "iPhone Developer";
				COPY_PHASE_STRIP = NO;
				DEBUG_INFORMATION_FORMAT = dwarf;
				ENABLE_STRICT_OBJC_MSGSEND = YES;
				ENABLE_TESTABILITY = YES;
				GCC_C_LANGUAGE_STANDARD = gnu11;
				GCC_DYNAMIC_NO_PIC = NO;
				GCC_NO_COMMON_BLOCKS = YES;
				GCC_OPTIMIZATION_LEVEL = 0;
				GCC_PREPROCESSOR_DEFINITIONS = (
					"DEBUG=1",
					"$(inherited)",
				);
				GCC_WARN_64_TO_32_BIT_CONVERSION = YES;
				GCC_WARN_ABOUT_RETURN_TYPE = YES_ERROR;
				GCC_WARN_UNDECLARED_SELECTOR = YES;
				GCC_WARN_UNINITIALIZED_AUTOS = YES_AGGRESSIVE;
				GCC_WARN_UNUSED_FUNCTION = YES;
				GCC_WARN_UNUSED_VARIABLE = YES;
				IPHONEOS_DEPLOYMENT_TARGET = 12.1;
				MTL_ENABLE_DEBUG_INFO = INCLUDE_SOURCE;
				MTL_FAST_MATH = YES;
				ONLY_ACTIVE_ARCH = YES;
				SDKROOT = iphoneos;
				SWIFT_ACTIVE_COMPILATION_CONDITIONS = DEBUG;
				SWIFT_OPTIMIZATION_LEVEL = "-Onone";
			};
			name = Debug;
		};
		6208308624E9C14200291825 /* Release */ = {
			isa = XCBuildConfiguration;
			buildSettings = {
				ALWAYS_SEARCH_USER_PATHS = NO;
				CLANG_ANALYZER_NONNULL = YES;
				CLANG_ANALYZER_NUMBER_OBJECT_CONVERSION = YES_AGGRESSIVE;
				CLANG_CXX_LANGUAGE_STANDARD = "gnu++14";
				CLANG_CXX_LIBRARY = "libc++";
				CLANG_ENABLE_MODULES = YES;
				CLANG_ENABLE_OBJC_ARC = YES;
				CLANG_ENABLE_OBJC_WEAK = YES;
				CLANG_WARN_BLOCK_CAPTURE_AUTORELEASING = YES;
				CLANG_WARN_BOOL_CONVERSION = YES;
				CLANG_WARN_COMMA = YES;
				CLANG_WARN_CONSTANT_CONVERSION = YES;
				CLANG_WARN_DEPRECATED_OBJC_IMPLEMENTATIONS = YES;
				CLANG_WARN_DIRECT_OBJC_ISA_USAGE = YES_ERROR;
				CLANG_WARN_DOCUMENTATION_COMMENTS = YES;
				CLANG_WARN_EMPTY_BODY = YES;
				CLANG_WARN_ENUM_CONVERSION = YES;
				CLANG_WARN_INFINITE_RECURSION = YES;
				CLANG_WARN_INT_CONVERSION = YES;
				CLANG_WARN_NON_LITERAL_NULL_CONVERSION = YES;
				CLANG_WARN_OBJC_IMPLICIT_RETAIN_SELF = YES;
				CLANG_WARN_OBJC_LITERAL_CONVERSION = YES;
				CLANG_WARN_OBJC_ROOT_CLASS = YES_ERROR;
				CLANG_WARN_RANGE_LOOP_ANALYSIS = YES;
				CLANG_WARN_STRICT_PROTOTYPES = YES;
				CLANG_WARN_SUSPICIOUS_MOVE = YES;
				CLANG_WARN_UNGUARDED_AVAILABILITY = YES_AGGRESSIVE;
				CLANG_WARN_UNREACHABLE_CODE = YES;
				CLANG_WARN__DUPLICATE_METHOD_MATCH = YES;
				CODE_SIGN_IDENTITY = "iPhone Developer";
				COPY_PHASE_STRIP = NO;
				DEBUG_INFORMATION_FORMAT = "dwarf-with-dsym";
				ENABLE_NS_ASSERTIONS = NO;
				ENABLE_STRICT_OBJC_MSGSEND = YES;
				GCC_C_LANGUAGE_STANDARD = gnu11;
				GCC_NO_COMMON_BLOCKS = YES;
				GCC_WARN_64_TO_32_BIT_CONVERSION = YES;
				GCC_WARN_ABOUT_RETURN_TYPE = YES_ERROR;
				GCC_WARN_UNDECLARED_SELECTOR = YES;
				GCC_WARN_UNINITIALIZED_AUTOS = YES_AGGRESSIVE;
				GCC_WARN_UNUSED_FUNCTION = YES;
				GCC_WARN_UNUSED_VARIABLE = YES;
				IPHONEOS_DEPLOYMENT_TARGET = 12.1;
				MTL_ENABLE_DEBUG_INFO = NO;
				MTL_FAST_MATH = YES;
				SDKROOT = iphoneos;
				SWIFT_COMPILATION_MODE = wholemodule;
				SWIFT_OPTIMIZATION_LEVEL = "-O";
				VALIDATE_PRODUCT = YES;
			};
			name = Release;
		};
		6208308824E9C14200291825 /* Debug */ = {
			isa = XCBuildConfiguration;
			baseConfigurationReference = 61E7321947D99958AD0B3EB8 /* Pods-Medspace.debug.xcconfig */;
			buildSettings = {
				ASSETCATALOG_COMPILER_APPICON_NAME = AppIcon;
				CODE_SIGN_STYLE = Automatic;
				DEVELOPMENT_TEAM = X3DJ2G8V2K;
				INFOPLIST_FILE = Medspace/Info.plist;
				LD_RUNPATH_SEARCH_PATHS = (
					"$(inherited)",
					"@executable_path/Frameworks",
				);
				OTHER_LDFLAGS = (
					"$(inherited)",
					"-l\"c++\"",
					"-l\"icucore\"",
					"-l\"sqlite3\"",
					"-l\"z\"",
					"-framework",
					"\"CFNetwork\"",
					"-framework",
					"\"FirebaseAnalytics\"",
					"-framework",
					"\"FirebaseAuth\"",
					"-framework",
					"\"FirebaseCore\"",
					"-framework",
					"\"FirebaseCoreDiagnostics\"",
					"-framework",
					"\"FirebaseDatabase\"",
					"-framework",
					"\"Foundation\"",
					"-framework",
					"\"GTMSessionFetcher\"",
					"-framework",
					"\"SafariServices\"",
					"-framework",
					"\"Security\"",
					"-framework",
					"\"StoreKit\"",
					"-framework",
					"\"SystemConfiguration\"",
					"-framework",
					"\"UIKit\"",
				);
				PRODUCT_BUNDLE_IDENTIFIER = iOS.Medspace;
				PRODUCT_NAME = "$(TARGET_NAME)";
				SWIFT_VERSION = 4.2;
				TARGETED_DEVICE_FAMILY = "1,2";
			};
			name = Debug;
		};
		6208308924E9C14200291825 /* Release */ = {
			isa = XCBuildConfiguration;
			baseConfigurationReference = F8BF7C33915A6B9F15E500A6 /* Pods-Medspace.release.xcconfig */;
			buildSettings = {
				ASSETCATALOG_COMPILER_APPICON_NAME = AppIcon;
				CODE_SIGN_STYLE = Automatic;
				DEVELOPMENT_TEAM = X3DJ2G8V2K;
				INFOPLIST_FILE = Medspace/Info.plist;
				LD_RUNPATH_SEARCH_PATHS = (
					"$(inherited)",
					"@executable_path/Frameworks",
				);
				OTHER_LDFLAGS = (
					"$(inherited)",
					"-l\"c++\"",
					"-l\"icucore\"",
					"-l\"sqlite3\"",
					"-l\"z\"",
					"-framework",
					"\"CFNetwork\"",
					"\"FBLPromises\"",
					"\"FIRAnalyticsConnector\"",
					"-framework",
					"\"FirebaseAnalytics\"",
					"\"FirebaseAuth\"",
					"-framework",
					"\"FirebaseCore\"",
					"\"FirebaseCoreDiagnostics\"",
					"-framework",
					"\"FirebaseDatabase\"",
					"-framework",
					"\"FirebaseInstallations\"",
					"-framework",
					"\"Foundation\"",
					"-framework",
					"\"GTMSessionFetcher\"",
					"\"GoogleAppMeasurement\"",
					"-framework",
					"\"GoogleDataTransport\"",
					"\"GoogleUtilities\"",
					"\"SafariServices\"",
					"-framework",
					"\"Security\"",
					"\"StoreKit\"",
					"-framework",
					"\"SystemConfiguration\"",
					"-framework",
					"\"UIKit\"",
					"-framework",
				);
				PRODUCT_BUNDLE_IDENTIFIER = iOS.Medspace;
				PRODUCT_NAME = "$(TARGET_NAME)";
				SWIFT_VERSION = 4.2;
				TARGETED_DEVICE_FAMILY = "1,2";
			};
			name = Release;
		};
/* End XCBuildConfiguration section */

/* Begin XCConfigurationList section */
		6208306D24E9C13A00291825 /* Build configuration list for PBXProject "Medspace" */ = {
			isa = XCConfigurationList;
			buildConfigurations = (
				6208308524E9C14200291825 /* Debug */,
				6208308624E9C14200291825 /* Release */,
			);
			defaultConfigurationIsVisible = 0;
			defaultConfigurationName = Release;
		};
		6208308724E9C14200291825 /* Build configuration list for PBXNativeTarget "Medspace" */ = {
			isa = XCConfigurationList;
			buildConfigurations = (
				6208308824E9C14200291825 /* Debug */,
				6208308924E9C14200291825 /* Release */,
			);
			defaultConfigurationIsVisible = 0;
			defaultConfigurationName = Release;
		};
/* End XCConfigurationList section */

/* Begin XCVersionGroup section */
		6208307C24E9C13A00291825 /* Medspace.xcdatamodeld */ = {
			isa = XCVersionGroup;
			children = (
				6208307D24E9C13A00291825 /* Medspace.xcdatamodel */,
			);
			currentVersion = 6208307D24E9C13A00291825 /* Medspace.xcdatamodel */;
			path = Medspace.xcdatamodeld;
			sourceTree = "<group>";
			versionGroupType = wrapper.xcdatamodel;
		};
/* End XCVersionGroup section */
	};
	rootObject = 6208306A24E9C13A00291825 /* Project object */;
}
